
Microsoft Visual Studio Solution File, Format Version 12.00
# Visual Studio Version 16
VisualStudioVersion = 16.0.31911.196
MinimumVisualStudioVersion = 10.0.40219.1
Project("{FAE04EC0-301F-11D3-BF4B-00C04F79EFBC}") = "Bai 2", "Bai 2\Bai 2.csproj", "{61CD3484-5976-476F-B613-DB731C5BD5D1}"
EndProject
Global
	GlobalSection(SolutionConfigurationPlatforms) = preSolution
		Debug|Any CPU = Debug|Any CPU
		Release|Any CPU = Release|Any CPU
	EndGlobalSection
	GlobalSection(ProjectConfigurationPlatforms) = postSolution
		{61CD3484-5976-476F-B613-DB731C5BD5D1}.Debug|Any CPU.ActiveCfg = Debug|Any CPU
		{61CD3484-5976-476F-B613-DB731C5BD5D1}.Debug|Any CPU.Build.0 = Debug|Any CPU
		{61CD3484-5976-476F-B613-DB731C5BD5D1}.Release|Any CPU.ActiveCfg = Release|Any CPU
		{61CD3484-5976-476F-B613-DB731C5BD5D1}.Release|Any CPU.Build.0 = Release|Any CPU
	EndGlobalSection
	GlobalSection(SolutionProperties) = preSolution
		HideSolutionNode = FALSE
	EndGlobalSection
	GlobalSection(ExtensibilityGlobals) = postSolution
		SolutionGuid = {750EBC24-2A72-4D6C-998A-34AD1EFFE583}
	EndGlobalSection
EndGlobal
