
Microsoft Visual Studio Solution File, Format Version 12.00
# Visual Studio Version 16
VisualStudioVersion = 16.0.31911.196
MinimumVisualStudioVersion = 10.0.40219.1
Project("{FAE04EC0-301F-11D3-BF4B-00C04F79EFBC}") = "Bai7", "Bai7\Bai7.csproj", "{8438CF38-6611-4A04-AA61-BED9953BAF93}"
EndProject
Global
	GlobalSection(SolutionConfigurationPlatforms) = preSolution
		Debug|Any CPU = Debug|Any CPU
		Release|Any CPU = Release|Any CPU
	EndGlobalSection
	GlobalSection(ProjectConfigurationPlatforms) = postSolution
		{8438CF38-6611-4A04-AA61-BED9953BAF93}.Debug|Any CPU.ActiveCfg = Debug|Any CPU
		{8438CF38-6611-4A04-AA61-BED9953BAF93}.Debug|Any CPU.Build.0 = Debug|Any CPU
		{8438CF38-6611-4A04-AA61-BED9953BAF93}.Release|Any CPU.ActiveCfg = Release|Any CPU
		{8438CF38-6611-4A04-AA61-BED9953BAF93}.Release|Any CPU.Build.0 = Release|Any CPU
	EndGlobalSection
	GlobalSection(SolutionProperties) = preSolution
		HideSolutionNode = FALSE
	EndGlobalSection
	GlobalSection(ExtensibilityGlobals) = postSolution
		SolutionGuid = {01763CD5-892F-4066-B3F4-C25D813BD1A4}
	EndGlobalSection
EndGlobal
