
Microsoft Visual Studio Solution File, Format Version 12.00
# Visual Studio Version 16
VisualStudioVersion = 16.0.31911.196
MinimumVisualStudioVersion = 10.0.40219.1
Project("{FAE04EC0-301F-11D3-BF4B-00C04F79EFBC}") = "bai1", "bai1\bai1.csproj", "{93F01501-CD22-4CD4-92F2-C0770828C601}"
EndProject
Global
	GlobalSection(SolutionConfigurationPlatforms) = preSolution
		Debug|Any CPU = Debug|Any CPU
		Release|Any CPU = Release|Any CPU
	EndGlobalSection
	GlobalSection(ProjectConfigurationPlatforms) = postSolution
		{93F01501-CD22-4CD4-92F2-C0770828C601}.Debug|Any CPU.ActiveCfg = Debug|Any CPU
		{93F01501-CD22-4CD4-92F2-C0770828C601}.Debug|Any CPU.Build.0 = Debug|Any CPU
		{93F01501-CD22-4CD4-92F2-C0770828C601}.Release|Any CPU.ActiveCfg = Release|Any CPU
		{93F01501-CD22-4CD4-92F2-C0770828C601}.Release|Any CPU.Build.0 = Release|Any CPU
	EndGlobalSection
	GlobalSection(SolutionProperties) = preSolution
		HideSolutionNode = FALSE
	EndGlobalSection
	GlobalSection(ExtensibilityGlobals) = postSolution
		SolutionGuid = {EC3CC1B4-3DF8-4017-A62E-EC70D32FB71A}
	EndGlobalSection
EndGlobal
