
Microsoft Visual Studio Solution File, Format Version 12.00
# Visual Studio Version 16
VisualStudioVersion = 16.0.31911.196
MinimumVisualStudioVersion = 10.0.40219.1
Project("{FAE04EC0-301F-11D3-BF4B-00C04F79EFBC}") = "Bai63", "Bai63\Bai63.csproj", "{D404255E-1E67-47CA-ADE7-19ED9E9C12AD}"
EndProject
Global
	GlobalSection(SolutionConfigurationPlatforms) = preSolution
		Debug|Any CPU = Debug|Any CPU
		Release|Any CPU = Release|Any CPU
	EndGlobalSection
	GlobalSection(ProjectConfigurationPlatforms) = postSolution
		{D404255E-1E67-47CA-ADE7-19ED9E9C12AD}.Debug|Any CPU.ActiveCfg = Debug|Any CPU
		{D404255E-1E67-47CA-ADE7-19ED9E9C12AD}.Debug|Any CPU.Build.0 = Debug|Any CPU
		{D404255E-1E67-47CA-ADE7-19ED9E9C12AD}.Release|Any CPU.ActiveCfg = Release|Any CPU
		{D404255E-1E67-47CA-ADE7-19ED9E9C12AD}.Release|Any CPU.Build.0 = Release|Any CPU
	EndGlobalSection
	GlobalSection(SolutionProperties) = preSolution
		HideSolutionNode = FALSE
	EndGlobalSection
	GlobalSection(ExtensibilityGlobals) = postSolution
		SolutionGuid = {D7664CDA-41C5-427B-A0D4-2749BBA7466E}
	EndGlobalSection
EndGlobal
