
Microsoft Visual Studio Solution File, Format Version 12.00
# Visual Studio Version 16
VisualStudioVersion = 16.0.31911.196
MinimumVisualStudioVersion = 10.0.40219.1
Project("{FAE04EC0-301F-11D3-BF4B-00C04F79EFBC}") = "Bai 8", "Bai 8\Bai 8.csproj", "{2E380489-7CC8-446D-B773-C4AD90E882D6}"
EndProject
Global
	GlobalSection(SolutionConfigurationPlatforms) = preSolution
		Debug|Any CPU = Debug|Any CPU
		Release|Any CPU = Release|Any CPU
	EndGlobalSection
	GlobalSection(ProjectConfigurationPlatforms) = postSolution
		{2E380489-7CC8-446D-B773-C4AD90E882D6}.Debug|Any CPU.ActiveCfg = Debug|Any CPU
		{2E380489-7CC8-446D-B773-C4AD90E882D6}.Debug|Any CPU.Build.0 = Debug|Any CPU
		{2E380489-7CC8-446D-B773-C4AD90E882D6}.Release|Any CPU.ActiveCfg = Release|Any CPU
		{2E380489-7CC8-446D-B773-C4AD90E882D6}.Release|Any CPU.Build.0 = Release|Any CPU
	EndGlobalSection
	GlobalSection(SolutionProperties) = preSolution
		HideSolutionNode = FALSE
	EndGlobalSection
	GlobalSection(ExtensibilityGlobals) = postSolution
		SolutionGuid = {5A905C9E-1F1C-43AB-96DF-2F2C28397793}
	EndGlobalSection
EndGlobal
