
Microsoft Visual Studio Solution File, Format Version 12.00
# Visual Studio Version 16
VisualStudioVersion = 16.0.31911.196
MinimumVisualStudioVersion = 10.0.40219.1
Project("{FAE04EC0-301F-11D3-BF4B-00C04F79EFBC}") = "Bai 64", "Bai 64\Bai 64.csproj", "{E715CF63-4CB1-4FAC-ADC2-019DB6A2B37A}"
EndProject
Global
	GlobalSection(SolutionConfigurationPlatforms) = preSolution
		Debug|Any CPU = Debug|Any CPU
		Release|Any CPU = Release|Any CPU
	EndGlobalSection
	GlobalSection(ProjectConfigurationPlatforms) = postSolution
		{E715CF63-4CB1-4FAC-ADC2-019DB6A2B37A}.Debug|Any CPU.ActiveCfg = Debug|Any CPU
		{E715CF63-4CB1-4FAC-ADC2-019DB6A2B37A}.Debug|Any CPU.Build.0 = Debug|Any CPU
		{E715CF63-4CB1-4FAC-ADC2-019DB6A2B37A}.Release|Any CPU.ActiveCfg = Release|Any CPU
		{E715CF63-4CB1-4FAC-ADC2-019DB6A2B37A}.Release|Any CPU.Build.0 = Release|Any CPU
	EndGlobalSection
	GlobalSection(SolutionProperties) = preSolution
		HideSolutionNode = FALSE
	EndGlobalSection
	GlobalSection(ExtensibilityGlobals) = postSolution
		SolutionGuid = {4C1E6BC0-0EBF-4C7A-AD40-9173B78CB79C}
	EndGlobalSection
EndGlobal
