
Microsoft Visual Studio Solution File, Format Version 12.00
# Visual Studio Version 16
VisualStudioVersion = 16.0.31911.196
MinimumVisualStudioVersion = 10.0.40219.1
Project("{FAE04EC0-301F-11D3-BF4B-00C04F79EFBC}") = "bai70", "bai70\bai70.csproj", "{9FCA59AB-1519-4CBC-BF26-E9D6D6BABB01}"
EndProject
Global
	GlobalSection(SolutionConfigurationPlatforms) = preSolution
		Debug|Any CPU = Debug|Any CPU
		Release|Any CPU = Release|Any CPU
	EndGlobalSection
	GlobalSection(ProjectConfigurationPlatforms) = postSolution
		{9FCA59AB-1519-4CBC-BF26-E9D6D6BABB01}.Debug|Any CPU.ActiveCfg = Debug|Any CPU
		{9FCA59AB-1519-4CBC-BF26-E9D6D6BABB01}.Debug|Any CPU.Build.0 = Debug|Any CPU
		{9FCA59AB-1519-4CBC-BF26-E9D6D6BABB01}.Release|Any CPU.ActiveCfg = Release|Any CPU
		{9FCA59AB-1519-4CBC-BF26-E9D6D6BABB01}.Release|Any CPU.Build.0 = Release|Any CPU
	EndGlobalSection
	GlobalSection(SolutionProperties) = preSolution
		HideSolutionNode = FALSE
	EndGlobalSection
	GlobalSection(ExtensibilityGlobals) = postSolution
		SolutionGuid = {3C408C71-512F-47C9-8F52-6E8C17486D46}
	EndGlobalSection
EndGlobal
