
Microsoft Visual Studio Solution File, Format Version 12.00
# Visual Studio Version 16
VisualStudioVersion = 16.0.31911.196
MinimumVisualStudioVersion = 10.0.40219.1
Project("{FAE04EC0-301F-11D3-BF4B-00C04F79EFBC}") = "DiemDanh_26-4_BuiVanSY", "DiemDanh_26-4_BuiVanSY\DiemDanh_26-4_BuiVanSY.csproj", "{9D7743B5-B337-42A5-BD86-1A3FA07ADED6}"
EndProject
Global
	GlobalSection(SolutionConfigurationPlatforms) = preSolution
		Debug|Any CPU = Debug|Any CPU
		Release|Any CPU = Release|Any CPU
	EndGlobalSection
	GlobalSection(ProjectConfigurationPlatforms) = postSolution
		{9D7743B5-B337-42A5-BD86-1A3FA07ADED6}.Debug|Any CPU.ActiveCfg = Debug|Any CPU
		{9D7743B5-B337-42A5-BD86-1A3FA07ADED6}.Debug|Any CPU.Build.0 = Debug|Any CPU
		{9D7743B5-B337-42A5-BD86-1A3FA07ADED6}.Release|Any CPU.ActiveCfg = Release|Any CPU
		{9D7743B5-B337-42A5-BD86-1A3FA07ADED6}.Release|Any CPU.Build.0 = Release|Any CPU
	EndGlobalSection
	GlobalSection(SolutionProperties) = preSolution
		HideSolutionNode = FALSE
	EndGlobalSection
	GlobalSection(ExtensibilityGlobals) = postSolution
		SolutionGuid = {9E7B0FE8-8BD9-4C18-AFE0-6BBCA19AAB03}
	EndGlobalSection
EndGlobal
