
Microsoft Visual Studio Solution File, Format Version 12.00
# Visual Studio Version 16
VisualStudioVersion = 16.0.31911.196
MinimumVisualStudioVersion = 10.0.40219.1
Project("{FAE04EC0-301F-11D3-BF4B-00C04F79EFBC}") = "Bai61", "Bai61\Bai61.csproj", "{34CA70F3-A091-41CE-9439-8DF572FDA470}"
EndProject
Global
	GlobalSection(SolutionConfigurationPlatforms) = preSolution
		Debug|Any CPU = Debug|Any CPU
		Release|Any CPU = Release|Any CPU
	EndGlobalSection
	GlobalSection(ProjectConfigurationPlatforms) = postSolution
		{34CA70F3-A091-41CE-9439-8DF572FDA470}.Debug|Any CPU.ActiveCfg = Debug|Any CPU
		{34CA70F3-A091-41CE-9439-8DF572FDA470}.Debug|Any CPU.Build.0 = Debug|Any CPU
		{34CA70F3-A091-41CE-9439-8DF572FDA470}.Release|Any CPU.ActiveCfg = Release|Any CPU
		{34CA70F3-A091-41CE-9439-8DF572FDA470}.Release|Any CPU.Build.0 = Release|Any CPU
	EndGlobalSection
	GlobalSection(SolutionProperties) = preSolution
		HideSolutionNode = FALSE
	EndGlobalSection
	GlobalSection(ExtensibilityGlobals) = postSolution
		SolutionGuid = {6912AD63-46EB-4B8F-ABDA-3340BB507B16}
	EndGlobalSection
EndGlobal
