
Microsoft Visual Studio Solution File, Format Version 12.00
# Visual Studio Version 16
VisualStudioVersion = 16.0.31911.196
MinimumVisualStudioVersion = 10.0.40219.1
Project("{FAE04EC0-301F-11D3-BF4B-00C04F79EFBC}") = "Bai 36", "Bai 36\Bai 36.csproj", "{BDF8C58A-3C20-4404-8E7F-3E6B98CE9B09}"
EndProject
Global
	GlobalSection(SolutionConfigurationPlatforms) = preSolution
		Debug|Any CPU = Debug|Any CPU
		Release|Any CPU = Release|Any CPU
	EndGlobalSection
	GlobalSection(ProjectConfigurationPlatforms) = postSolution
		{BDF8C58A-3C20-4404-8E7F-3E6B98CE9B09}.Debug|Any CPU.ActiveCfg = Debug|Any CPU
		{BDF8C58A-3C20-4404-8E7F-3E6B98CE9B09}.Debug|Any CPU.Build.0 = Debug|Any CPU
		{BDF8C58A-3C20-4404-8E7F-3E6B98CE9B09}.Release|Any CPU.ActiveCfg = Release|Any CPU
		{BDF8C58A-3C20-4404-8E7F-3E6B98CE9B09}.Release|Any CPU.Build.0 = Release|Any CPU
	EndGlobalSection
	GlobalSection(SolutionProperties) = preSolution
		HideSolutionNode = FALSE
	EndGlobalSection
	GlobalSection(ExtensibilityGlobals) = postSolution
		SolutionGuid = {C9471CEA-FE97-43BF-A193-C94B34065233}
	EndGlobalSection
EndGlobal
