
Microsoft Visual Studio Solution File, Format Version 12.00
# Visual Studio Version 16
VisualStudioVersion = 16.0.31911.196
MinimumVisualStudioVersion = 10.0.40219.1
Project("{FAE04EC0-301F-11D3-BF4B-00C04F79EFBC}") = "bai59", "bai59\bai59.csproj", "{ED5AFC15-19B8-44CD-A3C2-1EA5AF9B5E86}"
EndProject
Global
	GlobalSection(SolutionConfigurationPlatforms) = preSolution
		Debug|Any CPU = Debug|Any CPU
		Release|Any CPU = Release|Any CPU
	EndGlobalSection
	GlobalSection(ProjectConfigurationPlatforms) = postSolution
		{ED5AFC15-19B8-44CD-A3C2-1EA5AF9B5E86}.Debug|Any CPU.ActiveCfg = Debug|Any CPU
		{ED5AFC15-19B8-44CD-A3C2-1EA5AF9B5E86}.Debug|Any CPU.Build.0 = Debug|Any CPU
		{ED5AFC15-19B8-44CD-A3C2-1EA5AF9B5E86}.Release|Any CPU.ActiveCfg = Release|Any CPU
		{ED5AFC15-19B8-44CD-A3C2-1EA5AF9B5E86}.Release|Any CPU.Build.0 = Release|Any CPU
	EndGlobalSection
	GlobalSection(SolutionProperties) = preSolution
		HideSolutionNode = FALSE
	EndGlobalSection
	GlobalSection(ExtensibilityGlobals) = postSolution
		SolutionGuid = {FBFAF078-C15B-4135-AE96-EA36DA63FF66}
	EndGlobalSection
EndGlobal
